
Microsoft Visual Studio Solution File, Format Version 12.00
# Visual Studio Version 17
VisualStudioVersion = 17.11.35327.3
MinimumVisualStudioVersion = 10.0.40219.1
Project("{FAE04EC0-301F-11D3-BF4B-00C04F79EFBC}") = "OefeningUserAgentMiddleware", "OefeningUserAgentMiddleware\OefeningUserAgentMiddleware.csproj", "{F943A5BE-B9A5-4599-A3C3-6595D4ECAE6E}"
EndProject
Global
	GlobalSection(SolutionConfigurationPlatforms) = preSolution
		Debug|Any CPU = Debug|Any CPU
		Release|Any CPU = Release|Any CPU
	EndGlobalSection
	GlobalSection(ProjectConfigurationPlatforms) = postSolution
		{F943A5BE-B9A5-4599-A3C3-6595D4ECAE6E}.Debug|Any CPU.ActiveCfg = Debug|Any CPU
		{F943A5BE-B9A5-4599-A3C3-6595D4ECAE6E}.Debug|Any CPU.Build.0 = Debug|Any CPU
		{F943A5BE-B9A5-4599-A3C3-6595D4ECAE6E}.Release|Any CPU.ActiveCfg = Release|Any CPU
		{F943A5BE-B9A5-4599-A3C3-6595D4ECAE6E}.Release|Any CPU.Build.0 = Release|Any CPU
	EndGlobalSection
	GlobalSection(SolutionProperties) = preSolution
		HideSolutionNode = FALSE
	EndGlobalSection
	GlobalSection(ExtensibilityGlobals) = postSolution
		SolutionGuid = {9B45141A-21F9-4329-AAE4-4B5EC11108C3}
	EndGlobalSection
EndGlobal
